// !$*UTF8*$!
{
	archiveVersion = 1;
	classes = {
	};
	objectVersion = 46;
	objects = {

/* Begin PBXBuildFile section */
		5D48575D1AF1D910002757C0 /* AppDelegate.swift in Sources */ = {isa = PBXBuildFile; fileRef = 5D48575C1AF1D910002757C0 /* AppDelegate.swift */; };
		5D48575F1AF1D910002757C0 /* ViewController.swift in Sources */ = {isa = PBXBuildFile; fileRef = 5D48575E1AF1D910002757C0 /* ViewController.swift */; };
		5D4857621AF1D910002757C0 /* Main.storyboard in Resources */ = {isa = PBXBuildFile; fileRef = 5D4857601AF1D910002757C0 /* Main.storyboard */; };
		5D4857641AF1D910002757C0 /* Images.xcassets in Resources */ = {isa = PBXBuildFile; fileRef = 5D4857631AF1D910002757C0 /* Images.xcassets */; };
		5D4857671AF1D910002757C0 /* LaunchScreen.xib in Resources */ = {isa = PBXBuildFile; fileRef = 5D4857651AF1D910002757C0 /* LaunchScreen.xib */; };
		5D4857731AF1D910002757C0 /* YoutubeTests.swift in Sources */ = {isa = PBXBuildFile; fileRef = 5D4857721AF1D910002757C0 /* YoutubeTests.swift */; };
/* End PBXBuildFile section */

/* Begin PBXContainerItemProxy section */
		5D48576D1AF1D910002757C0 /* PBXContainerItemProxy */ = {
			isa = PBXContainerItemProxy;
			containerPortal = 5D48574F1AF1D910002757C0 /* Project object */;
			proxyType = 1;
			remoteGlobalIDString = 5D4857561AF1D910002757C0;
			remoteInfo = Youtube;
		};
/* End PBXContainerItemProxy section */

/* Begin PBXFileReference section */
		5D4857571AF1D910002757C0 /* Youtube.app */ = {isa = PBXFileReference; explicitFileType = wrapper.application; includeInIndex = 0; path = Youtube.app; sourceTree = BUILT_PRODUCTS_DIR; };
		5D48575B1AF1D910002757C0 /* Info.plist */ = {isa = PBXFileReference; lastKnownFileType = text.plist.xml; path = Info.plist; sourceTree = "<group>"; };
		5D48575C1AF1D910002757C0 /* AppDelegate.swift */ = {isa = PBXFileReference; lastKnownFileType = sourcecode.swift; path = AppDelegate.swift; sourceTree = "<group>"; };
		5D48575E1AF1D910002757C0 /* ViewController.swift */ = {isa = PBXFileReference; lastKnownFileType = sourcecode.swift; path = ViewController.swift; sourceTree = "<group>"; };
		5D4857611AF1D910002757C0 /* Base */ = {isa = PBXFileReference; lastKnownFileType = file.storyboard; name = Base; path = Base.lproj/Main.storyboard; sourceTree = "<group>"; };
		5D4857631AF1D910002757C0 /* Images.xcassets */ = {isa = PBXFileReference; lastKnownFileType = folder.assetcatalog; path = Images.xcassets; sourceTree = "<group>"; };
		5D4857661AF1D910002757C0 /* Base */ = {isa = PBXFileReference; lastKnownFileType = file.xib; name = Base; path = Base.lproj/LaunchScreen.xib; sourceTree = "<group>"; };
		5D48576C1AF1D910002757C0 /* YoutubeTests.xctest */ = {isa = PBXFileReference; explicitFileType = wrapper.cfbundle; includeInIndex = 0; path = YoutubeTests.xctest; sourceTree = BUILT_PRODUCTS_DIR; };
		5D4857711AF1D910002757C0 /* Info.plist */ = {isa = PBXFileReference; lastKnownFileType = text.plist.xml; path = Info.plist; sourceTree = "<group>"; };
		5D4857721AF1D910002757C0 /* YoutubeTests.swift */ = {isa = PBXFileReference; lastKnownFileType = sourcecode.swift; path = YoutubeTests.swift; sourceTree = "<group>"; };
/* End PBXFileReference section */

/* Begin PBXFrameworksBuildPhase section */
		5D4857541AF1D910002757C0 /* Frameworks */ = {
			isa = PBXFrameworksBuildPhase;
			buildActionMask = 2147483647;
			files = (
			);
			runOnlyForDeploymentPostprocessing = 0;
		};
		5D4857691AF1D910002757C0 /* Frameworks */ = {
			isa = PBXFrameworksBuildPhase;
			buildActionMask = 2147483647;
			files = (
			);
			runOnlyForDeploymentPostprocessing = 0;
		};
/* End PBXFrameworksBuildPhase section */

/* Begin PBXGroup section */
		5D48574E1AF1D910002757C0 = {
			isa = PBXGroup;
			children = (
				5D4857591AF1D910002757C0 /* Youtube */,
				5D48576F1AF1D910002757C0 /* YoutubeTests */,
				5D4857581AF1D910002757C0 /* Products */,
			);
			sourceTree = "<group>";
		};
		5D4857581AF1D910002757C0 /* Products */ = {
			isa = PBXGroup;
			children = (
				5D4857571AF1D910002757C0 /* Youtube.app */,
				5D48576C1AF1D910002757C0 /* YoutubeTests.xctest */,
			);
			name = Products;
			sourceTree = "<group>";
		};
		5D4857591AF1D910002757C0 /* Youtube */ = {
			isa = PBXGroup;
			children = (
				5D48575C1AF1D910002757C0 /* AppDelegate.swift */,
				5D48575E1AF1D910002757C0 /* ViewController.swift */,
				5D4857601AF1D910002757C0 /* Main.storyboard */,
				5D4857631AF1D910002757C0 /* Images.xcassets */,
				5D4857651AF1D910002757C0 /* LaunchScreen.xib */,
				5D48575A1AF1D910002757C0 /* Supporting Files */,
			);
			path = Youtube;
			sourceTree = "<group>";
		};
		5D48575A1AF1D910002757C0 /* Supporting Files */ = {
			isa = PBXGroup;
			children = (
				5D48575B1AF1D910002757C0 /* Info.plist */,
			);
			name = "Supporting Files";
			sourceTree = "<group>";
		};
		5D48576F1AF1D910002757C0 /* YoutubeTests */ = {
			isa = PBXGroup;
			children = (
				5D4857721AF1D910002757C0 /* YoutubeTests.swift */,
				5D4857701AF1D910002757C0 /* Supporting Files */,
			);
			path = YoutubeTests;
			sourceTree = "<group>";
		};
		5D4857701AF1D910002757C0 /* Supporting Files */ = {
			isa = PBXGroup;
			children = (
				5D4857711AF1D910002757C0 /* Info.plist */,
			);
			name = "Supporting Files";
			sourceTree = "<group>";
		};
/* End PBXGroup section */

/* Begin PBXNativeTarget section */
		5D4857561AF1D910002757C0 /* Youtube */ = {
			isa = PBXNativeTarget;
			buildConfigurationList = 5D4857761AF1D910002757C0 /* Build configuration list for PBXNativeTarget "Youtube" */;
			buildPhases = (
				5D4857531AF1D910002757C0 /* Sources */,
				5D4857541AF1D910002757C0 /* Frameworks */,
				5D4857551AF1D910002757C0 /* Resources */,
			);
			buildRules = (
			);
			dependencies = (
			);
			name = Youtube;
			productName = Youtube;
			productReference = 5D4857571AF1D910002757C0 /* Youtube.app */;
			productType = "com.apple.product-type.application";
		};
		5D48576B1AF1D910002757C0 /* YoutubeTests */ = {
			isa = PBXNativeTarget;
			buildConfigurationList = 5D4857791AF1D910002757C0 /* Build configuration list for PBXNativeTarget "YoutubeTests" */;
			buildPhases = (
				5D4857681AF1D910002757C0 /* Sources */,
				5D4857691AF1D910002757C0 /* Frameworks */,
				5D48576A1AF1D910002757C0 /* Resources */,
			);
			buildRules = (
			);
			dependencies = (
				5D48576E1AF1D910002757C0 /* PBXTargetDependency */,
			);
			name = YoutubeTests;
			productName = YoutubeTests;
			productReference = 5D48576C1AF1D910002757C0 /* YoutubeTests.xctest */;
			productType = "com.apple.product-type.bundle.unit-test";
		};
/* End PBXNativeTarget section */

/* Begin PBXProject section */
		5D48574F1AF1D910002757C0 /* Project object */ = {
			isa = PBXProject;
			attributes = {
				LastUpgradeCheck = 0630;
				ORGANIZATIONNAME = "Fanily CO., LTD.";
				TargetAttributes = {
					5D4857561AF1D910002757C0 = {
						CreatedOnToolsVersion = 6.3.1;
					};
					5D48576B1AF1D910002757C0 = {
						CreatedOnToolsVersion = 6.3.1;
						TestTargetID = 5D4857561AF1D910002757C0;
					};
				};
			};
			buildConfigurationList = 5D4857521AF1D910002757C0 /* Build configuration list for PBXProject "Youtube" */;
			compatibilityVersion = "Xcode 3.2";
			developmentRegion = English;
			hasScannedForEncodings = 0;
			knownRegions = (
				en,
				Base,
			);
			mainGroup = 5D48574E1AF1D910002757C0;
			productRefGroup = 5D4857581AF1D910002757C0 /* Products */;
			projectDirPath = "";
			projectRoot = "";
			targets = (
				5D4857561AF1D910002757C0 /* Youtube */,
				5D48576B1AF1D910002757C0 /* YoutubeTests */,
			);
		};
/* End PBXProject section */

/* Begin PBXResourcesBuildPhase section */
		5D4857551AF1D910002757C0 /* Resources */ = {
			isa = PBXResourcesBuildPhase;
			buildActionMask = 2147483647;
			files = (
				5D4857621AF1D910002757C0 /* Main.storyboard in Resources */,
				5D4857671AF1D910002757C0 /* LaunchScreen.xib in Resources */,
				5D4857641AF1D910002757C0 /* Images.xcassets in Resources */,
			);
			runOnlyForDeploymentPostprocessing = 0;
		};
		5D48576A1AF1D910002757C0 /* Resources */ = {
			isa = PBXResourcesBuildPhase;
			buildActionMask = 2147483647;
			files = (
			);
			runOnlyForDeploymentPostprocessing = 0;
		};
/* End PBXResourcesBuildPhase section */

/* Begin PBXSourcesBuildPhase section */
		5D4857531AF1D910002757C0 /* Sources */ = {
			isa = PBXSourcesBuildPhase;
			buildActionMask = 2147483647;
			files = (
				5D48575F1AF1D910002757C0 /* ViewController.swift in Sources */,
				5D48575D1AF1D910002757C0 /* AppDelegate.swift in Sources */,
			);
			runOnlyForDeploymentPostprocessing = 0;
		};
		5D4857681AF1D910002757C0 /* Sources */ = {
			isa = PBXSourcesBuildPhase;
			buildActionMask = 2147483647;
			files = (
				5D4857731AF1D910002757C0 /* YoutubeTests.swift in Sources */,
			);
			runOnlyForDeploymentPostprocessing = 0;
		};
/* End PBXSourcesBuildPhase section */

/* Begin PBXTargetDependency section */
		5D48576E1AF1D910002757C0 /* PBXTargetDependency */ = {
			isa = PBXTargetDependency;
			target = 5D4857561AF1D910002757C0 /* Youtube */;
			targetProxy = 5D48576D1AF1D910002757C0 /* PBXContainerItemProxy */;
		};
/* End PBXTargetDependency section */

/* Begin PBXVariantGroup section */
		5D4857601AF1D910002757C0 /* Main.storyboard */ = {
			isa = PBXVariantGroup;
			children = (
				5D4857611AF1D910002757C0 /* Base */,
			);
			name = Main.storyboard;
			sourceTree = "<group>";
		};
		5D4857651AF1D910002757C0 /* LaunchScreen.xib */ = {
			isa = PBXVariantGroup;
			children = (
				5D4857661AF1D910002757C0 /* Base */,
			);
			name = LaunchScreen.xib;
			sourceTree = "<group>";
		};
/* End PBXVariantGroup section */

/* Begin XCBuildConfiguration section */
		5D4857741AF1D910002757C0 /* Debug */ = {
			isa = XCBuildConfiguration;
			buildSettings = {
				ALWAYS_SEARCH_USER_PATHS = NO;
				CLANG_CXX_LANGUAGE_STANDARD = "gnu++0x";
				CLANG_CXX_LIBRARY = "libc++";
				CLANG_ENABLE_MODULES = YES;
				CLANG_ENABLE_OBJC_ARC = YES;
				CLANG_WARN_BOOL_CONVERSION = YES;
				CLANG_WARN_CONSTANT_CONVERSION = YES;
				CLANG_WARN_DIRECT_OBJC_ISA_USAGE = YES_ERROR;
				CLANG_WARN_EMPTY_BODY = YES;
				CLANG_WARN_ENUM_CONVERSION = YES;
				CLANG_WARN_INT_CONVERSION = YES;
				CLANG_WARN_OBJC_ROOT_CLASS = YES_ERROR;
				CLANG_WARN_UNREACHABLE_CODE = YES;
				CLANG_WARN__DUPLICATE_METHOD_MATCH = YES;
				"CODE_SIGN_IDENTITY[sdk=iphoneos*]" = "iPhone Developer";
				COPY_PHASE_STRIP = NO;
				DEBUG_INFORMATION_FORMAT = "dwarf-with-dsym";
				ENABLE_STRICT_OBJC_MSGSEND = YES;
				GCC_C_LANGUAGE_STANDARD = gnu99;
				GCC_DYNAMIC_NO_PIC = NO;
				GCC_NO_COMMON_BLOCKS = YES;
				GCC_OPTIMIZATION_LEVEL = 0;
				GCC_PREPROCESSOR_DEFINITIONS = (
					"DEBUG=1",
					"$(inherited)",
				);
				GCC_SYMBOLS_PRIVATE_EXTERN = NO;
				GCC_WARN_64_TO_32_BIT_CONVERSION = YES;
				GCC_WARN_ABOUT_RETURN_TYPE = YES_ERROR;
				GCC_WARN_UNDECLARED_SELECTOR = YES;
				GCC_WARN_UNINITIALIZED_AUTOS = YES_AGGRESSIVE;
				GCC_WARN_UNUSED_FUNCTION = YES;
				GCC_WARN_UNUSED_VARIABLE = YES;
				IPHONEOS_DEPLOYMENT_TARGET = 8.3;
				MTL_ENABLE_DEBUG_INFO = YES;
				ONLY_ACTIVE_ARCH = YES;
				SDKROOT = iphoneos;
				SWIFT_OPTIMIZATION_LEVEL = "-Onone";
			};
			name = Debug;
		};
		5D4857751AF1D910002757C0 /* Release */ = {
			isa = XCBuildConfiguration;
			buildSettings = {
				ALWAYS_SEARCH_USER_PATHS = NO;
				CLANG_CXX_LANGUAGE_STANDARD = "gnu++0x";
				CLANG_CXX_LIBRARY = "libc++";
				CLANG_ENABLE_MODULES = YES;
				CLANG_ENABLE_OBJC_ARC = YES;
				CLANG_WARN_BOOL_CONVERSION = YES;
				CLANG_WARN_CONSTANT_CONVERSION = YES;
				CLANG_WARN_DIRECT_OBJC_ISA_USAGE = YES_ERROR;
				CLANG_WARN_EMPTY_BODY = YES;
				CLANG_WARN_ENUM_CONVERSION = YES;
				CLANG_WARN_INT_CONVERSION = YES;
				CLANG_WARN_OBJC_ROOT_CLASS = YES_ERROR;
				CLANG_WARN_UNREACHABLE_CODE = YES;
				CLANG_WARN__DUPLICATE_METHOD_MATCH = YES;
				"CODE_SIGN_IDENTITY[sdk=iphoneos*]" = "iPhone Developer";
				COPY_PHASE_STRIP = NO;
				DEBUG_INFORMATION_FORMAT = "dwarf-with-dsym";
				ENABLE_NS_ASSERTIONS = NO;
				ENABLE_STRICT_OBJC_MSGSEND = YES;
				GCC_C_LANGUAGE_STANDARD = gnu99;
				GCC_NO_COMMON_BLOCKS = YES;
				GCC_WARN_64_TO_32_BIT_CONVERSION = YES;
				GCC_WARN_ABOUT_RETURN_TYPE = YES_ERROR;
				GCC_WARN_UNDECLARED_SELECTOR = YES;
				GCC_WARN_UNINITIALIZED_AUTOS = YES_AGGRESSIVE;
				GCC_WARN_UNUSED_FUNCTION = YES;
				GCC_WARN_UNUSED_VARIABLE = YES;
				IPHONEOS_DEPLOYMENT_TARGET = 8.3;
				MTL_ENABLE_DEBUG_INFO = NO;
				SDKROOT = iphoneos;
				VALIDATE_PRODUCT = YES;
			};
			name = Release;
		};
		5D4857771AF1D910002757C0 /* Debug */ = {
			isa = XCBuildConfiguration;
			buildSettings = {
				ASSETCATALOG_COMPILER_APPICON_NAME = AppIcon;
				INFOPLIST_FILE = Youtube/Info.plist;
				LD_RUNPATH_SEARCH_PATHS = "$(inherited) @executable_path/Frameworks";
				PRODUCT_NAME = "$(TARGET_NAME)";
			};
			name = Debug;
		};
		5D4857781AF1D910002757C0 /* Release */ = {
			isa = XCBuildConfiguration;
			buildSettings = {
				ASSETCATALOG_COMPILER_APPICON_NAME = AppIcon;
				INFOPLIST_FILE = Youtube/Info.plist;
				LD_RUNPATH_SEARCH_PATHS = "$(inherited) @executable_path/Frameworks";
				PRODUCT_NAME = "$(TARGET_NAME)";
			};
			name = Release;
		};
		5D48577A1AF1D910002757C0 /* Debug */ = {
			isa = XCBuildConfiguration;
			buildSettings = {
				BUNDLE_LOADER = "$(TEST_HOST)";
				FRAMEWORK_SEARCH_PATHS = (
					"$(SDKROOT)/Developer/Library/Frameworks",
					"$(inherited)",
				);
				GCC_PREPROCESSOR_DEFINITIONS = (
					"DEBUG=1",
					"$(inherited)",
				);
				INFOPLIST_FILE = YoutubeTests/Info.plist;
				LD_RUNPATH_SEARCH_PATHS = "$(inherited) @executable_path/Frameworks @loader_path/Frameworks";
				PRODUCT_NAME = "$(TARGET_NAME)";
				TEST_HOST = "$(BUILT_PRODUCTS_DIR)/Youtube.app/Youtube";
			};
			name = Debug;
		};
		5D48577B1AF1D910002757C0 /* Release */ = {
			isa = XCBuildConfiguration;
			buildSettings = {
				BUNDLE_LOADER = "$(TEST_HOST)";
				FRAMEWORK_SEARCH_PATHS = (
					"$(SDKROOT)/Developer/Library/Frameworks",
					"$(inherited)",
				);
				INFOPLIST_FILE = YoutubeTests/Info.plist;
				LD_RUNPATH_SEARCH_PATHS = "$(inherited) @executable_path/Frameworks @loader_path/Frameworks";
				PRODUCT_NAME = "$(TARGET_NAME)";
				TEST_HOST = "$(BUILT_PRODUCTS_DIR)/Youtube.app/Youtube";
			};
			name = Release;
		};
/* End XCBuildConfiguration section */

/* Begin XCConfigurationList section */
		5D4857521AF1D910002757C0 /* Build configuration list for PBXProject "Youtube" */ = {
			isa = XCConfigurationList;
			buildConfigurations = (
				5D4857741AF1D910002757C0 /* Debug */,
				5D4857751AF1D910002757C0 /* Release */,
			);
			defaultConfigurationIsVisible = 0;
			defaultConfigurationName = Release;
		};
		5D4857761AF1D910002757C0 /* Build configuration list for PBXNativeTarget "Youtube" */ = {
			isa = XCConfigurationList;
			buildConfigurations = (
				5D4857771AF1D910002757C0 /* Debug */,
				5D4857781AF1D910002757C0 /* Release */,
			);
			defaultConfigurationIsVisible = 0;
		};
		5D4857791AF1D910002757C0 /* Build configuration list for PBXNativeTarget "YoutubeTests" */ = {
			isa = XCConfigurationList;
			buildConfigurations = (
				5D48577A1AF1D910002757C0 /* Debug */,
				5D48577B1AF1D910002757C0 /* Release */,
			);
			defaultConfigurationIsVisible = 0;
		};
/* End XCConfigurationList section */
	};
	rootObject = 5D48574F1AF1D910002757C0 /* Project object */;
}
